
Microsoft Visual Studio Solution File, Format Version 12.00
# Visual Studio Version 17
VisualStudioVersion = 17.9.34728.123
MinimumVisualStudioVersion = 10.0.40219.1
Project("{FAE04EC0-301F-11D3-BF4B-00C04F79EFBC}") = "MarketplaceBackend.Presentation", "MarketplaceBackend.Presentation\MarketplaceBackend.Presentation.csproj", "{71990F53-03BA-40A0-80E9-C3F8BC632370}"
EndProject
Global
	GlobalSection(SolutionConfigurationPlatforms) = preSolution
		Debug|Any CPU = Debug|Any CPU
		Release|Any CPU = Release|Any CPU
	EndGlobalSection
	GlobalSection(ProjectConfigurationPlatforms) = postSolution
		{71990F53-03BA-40A0-80E9-C3F8BC632370}.Debug|Any CPU.ActiveCfg = Debug|Any CPU
		{71990F53-03BA-40A0-80E9-C3F8BC632370}.Debug|Any CPU.Build.0 = Debug|Any CPU
		{71990F53-03BA-40A0-80E9-C3F8BC632370}.Release|Any CPU.ActiveCfg = Release|Any CPU
		{71990F53-03BA-40A0-80E9-C3F8BC632370}.Release|Any CPU.Build.0 = Release|Any CPU
	EndGlobalSection
	GlobalSection(SolutionProperties) = preSolution
		HideSolutionNode = FALSE
	EndGlobalSection
	GlobalSection(ExtensibilityGlobals) = postSolution
		SolutionGuid = {0CF69822-6B11-4766-B6D5-DB4808585B56}
	EndGlobalSection
EndGlobal
